
Microsoft Visual Studio Solution File, Format Version 12.00
# Visual Studio Version 17
VisualStudioVersion = 17.14.37516.0 d17.14
MinimumVisualStudioVersion = 10.0.40219.1
Project("{FAE04EC0-301F-11D3-BF4B-00C04F79EFBC}") = "Tutorial2_5", "Tutorial2_5\Tutorial2_5.csproj", "{22F8B149-CCF6-4276-B0C3-354E36EA723F}"
EndProject
Global
	GlobalSection(SolutionConfigurationPlatforms) = preSolution
		Debug|Any CPU = Debug|Any CPU
		Release|Any CPU = Release|Any CPU
	EndGlobalSection
	GlobalSection(ProjectConfigurationPlatforms) = postSolution
		{22F8B149-CCF6-4276-B0C3-354E36EA723F}.Debug|Any CPU.ActiveCfg = Debug|Any CPU
		{22F8B149-CCF6-4276-B0C3-354E36EA723F}.Debug|Any CPU.Build.0 = Debug|Any CPU
		{22F8B149-CCF6-4276-B0C3-354E36EA723F}.Release|Any CPU.ActiveCfg = Release|Any CPU
		{22F8B149-CCF6-4276-B0C3-354E36EA723F}.Release|Any CPU.Build.0 = Release|Any CPU
	EndGlobalSection
	GlobalSection(SolutionProperties) = preSolution
		HideSolutionNode = FALSE
	EndGlobalSection
	GlobalSection(ExtensibilityGlobals) = postSolution
		SolutionGuid = {6CADF437-75C2-4796-84F5-5969DBE28BBC}
	EndGlobalSection
EndGlobal
